
Microsoft Visual Studio Solution File, Format Version 12.00
# Visual Studio 15
VisualStudioVersion = 15.0.27130.2027
MinimumVisualStudioVersion = 10.0.40219.1
Project("{FAE04EC0-301F-11D3-BF4B-00C04F79EFBC}") = "NetwProg", "NetwProg\NetwProg.csproj", "{18C8CBBE-9119-4189-8259-CF886308038F}"
EndProject
Global
	GlobalSection(SolutionConfigurationPlatforms) = preSolution
		Debug|Any CPU = Debug|Any CPU
		Release|Any CPU = Release|Any CPU
	EndGlobalSection
	GlobalSection(ProjectConfigurationPlatforms) = postSolution
		{18C8CBBE-9119-4189-8259-CF886308038F}.Debug|Any CPU.ActiveCfg = Debug|Any CPU
		{18C8CBBE-9119-4189-8259-CF886308038F}.Debug|Any CPU.Build.0 = Debug|Any CPU
		{18C8CBBE-9119-4189-8259-CF886308038F}.Release|Any CPU.ActiveCfg = Release|Any CPU
		{18C8CBBE-9119-4189-8259-CF886308038F}.Release|Any CPU.Build.0 = Release|Any CPU
	EndGlobalSection
	GlobalSection(SolutionProperties) = preSolution
		HideSolutionNode = FALSE
	EndGlobalSection
	GlobalSection(ExtensibilityGlobals) = postSolution
		SolutionGuid = {42B84735-5094-40C9-83E5-D2A0EAD16938}
	EndGlobalSection
EndGlobal
